
Microsoft Visual Studio Solution File, Format Version 12.00
# Visual Studio 14
VisualStudioVersion = 14.0.25420.1
MinimumVisualStudioVersion = 10.0.40219.1
Project("{FAE04EC0-301F-11D3-BF4B-00C04F79EFBC}") = "Ejecucion.SitioWeb", "Ejecucion.SitioWeb\Ejecucion.SitioWeb.csproj", "{28BCA37A-28DC-42AE-B5C1-AF19767DEF9C}"
EndProject
Project("{FAE04EC0-301F-11D3-BF4B-00C04F79EFBC}") = "Ejecucion.Core", "Ejecucion.Core\Ejecucion.Core.csproj", "{BD887D53-088F-4F76-B11F-A3D06157202D}"
EndProject
Global
	GlobalSection(SolutionConfigurationPlatforms) = preSolution
		Debug|Any CPU = Debug|Any CPU
		Release|Any CPU = Release|Any CPU
	EndGlobalSection
	GlobalSection(ProjectConfigurationPlatforms) = postSolution
		{28BCA37A-28DC-42AE-B5C1-AF19767DEF9C}.Debug|Any CPU.ActiveCfg = Debug|Any CPU
		{28BCA37A-28DC-42AE-B5C1-AF19767DEF9C}.Debug|Any CPU.Build.0 = Debug|Any CPU
		{28BCA37A-28DC-42AE-B5C1-AF19767DEF9C}.Release|Any CPU.ActiveCfg = Release|Any CPU
		{28BCA37A-28DC-42AE-B5C1-AF19767DEF9C}.Release|Any CPU.Build.0 = Release|Any CPU
		{BD887D53-088F-4F76-B11F-A3D06157202D}.Debug|Any CPU.ActiveCfg = Debug|Any CPU
		{BD887D53-088F-4F76-B11F-A3D06157202D}.Debug|Any CPU.Build.0 = Debug|Any CPU
		{BD887D53-088F-4F76-B11F-A3D06157202D}.Release|Any CPU.ActiveCfg = Release|Any CPU
		{BD887D53-088F-4F76-B11F-A3D06157202D}.Release|Any CPU.Build.0 = Release|Any CPU
	EndGlobalSection
	GlobalSection(SolutionProperties) = preSolution
		HideSolutionNode = FALSE
	EndGlobalSection
EndGlobal
